
Microsoft Visual Studio Solution File, Format Version 12.00
# Visual Studio Version 16
VisualStudioVersion = 16.0.31911.196
MinimumVisualStudioVersion = 10.0.40219.1
Project("{FAE04EC0-301F-11D3-BF4B-00C04F79EFBC}") = "СSharp1", "СSharp1\СSharp1.csproj", "{F8DA1E4A-2792-42B1-9797-488A81E825B4}"
EndProject
Project("{FAE04EC0-301F-11D3-BF4B-00C04F79EFBC}") = "WindowsFormsApp2", "WindowsFormsApp2\WindowsFormsApp2.csproj", "{1259993D-7385-4C58-8F5F-27C41563AD50}"
EndProject
Project("{FAE04EC0-301F-11D3-BF4B-00C04F79EFBC}") = "WindowsFormsApp3", "WindowsFormsApp3\WindowsFormsApp3.csproj", "{0A5AC108-3E36-45A0-A9AD-6CE5C292330F}"
EndProject
Global
	GlobalSection(SolutionConfigurationPlatforms) = preSolution
		Debug|Any CPU = Debug|Any CPU
		Release|Any CPU = Release|Any CPU
	EndGlobalSection
	GlobalSection(ProjectConfigurationPlatforms) = postSolution
		{F8DA1E4A-2792-42B1-9797-488A81E825B4}.Debug|Any CPU.ActiveCfg = Debug|Any CPU
		{F8DA1E4A-2792-42B1-9797-488A81E825B4}.Debug|Any CPU.Build.0 = Debug|Any CPU
		{F8DA1E4A-2792-42B1-9797-488A81E825B4}.Release|Any CPU.ActiveCfg = Release|Any CPU
		{F8DA1E4A-2792-42B1-9797-488A81E825B4}.Release|Any CPU.Build.0 = Release|Any CPU
		{1259993D-7385-4C58-8F5F-27C41563AD50}.Debug|Any CPU.ActiveCfg = Debug|Any CPU
		{1259993D-7385-4C58-8F5F-27C41563AD50}.Debug|Any CPU.Build.0 = Debug|Any CPU
		{1259993D-7385-4C58-8F5F-27C41563AD50}.Release|Any CPU.ActiveCfg = Release|Any CPU
		{1259993D-7385-4C58-8F5F-27C41563AD50}.Release|Any CPU.Build.0 = Release|Any CPU
		{0A5AC108-3E36-45A0-A9AD-6CE5C292330F}.Debug|Any CPU.ActiveCfg = Debug|Any CPU
		{0A5AC108-3E36-45A0-A9AD-6CE5C292330F}.Debug|Any CPU.Build.0 = Debug|Any CPU
		{0A5AC108-3E36-45A0-A9AD-6CE5C292330F}.Release|Any CPU.ActiveCfg = Release|Any CPU
		{0A5AC108-3E36-45A0-A9AD-6CE5C292330F}.Release|Any CPU.Build.0 = Release|Any CPU
	EndGlobalSection
	GlobalSection(SolutionProperties) = preSolution
		HideSolutionNode = FALSE
	EndGlobalSection
	GlobalSection(ExtensibilityGlobals) = postSolution
		SolutionGuid = {B06400B6-C32F-43D9-957D-C30339B2311D}
	EndGlobalSection
EndGlobal
