
Microsoft Visual Studio Solution File, Format Version 12.00
# Visual Studio Version 17
VisualStudioVersion = 17.2.32602.215
MinimumVisualStudioVersion = 10.0.40219.1
Project("{2150E333-8FDC-42A3-9474-1A3956D46DE8}") = "Csharp1", "Csharp1", "{2A99BC39-87A4-40EF-9994-D1260B6D288C}"
EndProject
Project("{2150E333-8FDC-42A3-9474-1A3956D46DE8}") = "Model", "Model", "{367B0493-4D70-4E29-9546-3691A8E68DEC}"
EndProject
Project("{2150E333-8FDC-42A3-9474-1A3956D46DE8}") = "View", "View", "{64DE97EF-9F95-44B3-90F8-88C6AD181D80}"
EndProject
Project("{FAE04EC0-301F-11D3-BF4B-00C04F79EFBC}") = "CSharp1_model", "CSharp1_model\CSharp1_model.csproj", "{57B146F2-4BB0-4ABC-8005-01B8D266BB45}"
EndProject
Project("{2150E333-8FDC-42A3-9474-1A3956D46DE8}") = "View", "View", "{30707AA6-27E7-4FAA-9D79-56A6067C4DF2}"
EndProject
Project("{FAE04EC0-301F-11D3-BF4B-00C04F79EFBC}") = "CSharp1_view", "CSharp1_view\CSharp1_view.csproj", "{05E23223-DE0E-4AE3-9C96-89E8B5AB4807}"
EndProject
Project("{2150E333-8FDC-42A3-9474-1A3956D46DE8}") = "Csharp2", "Csharp2", "{CC18A20B-D1EF-4934-A61F-B73AF923E0FC}"
EndProject
Project("{2150E333-8FDC-42A3-9474-1A3956D46DE8}") = "Csharp2_model", "Csharp2_model", "{226C6E76-6B36-4B88-9A8A-9B97677E23B8}"
EndProject
Project("{2150E333-8FDC-42A3-9474-1A3956D46DE8}") = "Csharp2_view", "Csharp2_view", "{5B960819-EFCB-4A49-8283-EC01EE2C9D9C}"
EndProject
Project("{FAE04EC0-301F-11D3-BF4B-00C04F79EFBC}") = "Csharp2_model", "Csharp2_model\Csharp2_model.csproj", "{D3C31594-3E8F-4DE8-ABD0-DF9898E9CF34}"
EndProject
Project("{FAE04EC0-301F-11D3-BF4B-00C04F79EFBC}") = "Csharp2_view", "Csharp2_view\Csharp2_view.csproj", "{0D1C321C-EFA2-4D39-92C7-6757FC232DC3}"
EndProject
Project("{2150E333-8FDC-42A3-9474-1A3956D46DE8}") = "Csharp3", "Csharp3", "{F10736BD-8198-42DC-B0E8-5D963764D50C}"
EndProject
Project("{2150E333-8FDC-42A3-9474-1A3956D46DE8}") = "Csharp3_model", "Csharp3_model", "{E73D6181-2802-4CBE-9269-93D3238991B2}"
EndProject
Project("{2150E333-8FDC-42A3-9474-1A3956D46DE8}") = "Csharp3_view", "Csharp3_view", "{D41DAD56-4ABE-4AD8-9210-B3DD8B38580A}"
EndProject
Project("{FAE04EC0-301F-11D3-BF4B-00C04F79EFBC}") = "Csharp3_model", "Csharp3_model\Csharp3_model.csproj", "{53C59B2D-E246-4C6B-95B6-DA8C380E65C7}"
EndProject
Project("{FAE04EC0-301F-11D3-BF4B-00C04F79EFBC}") = "Csharp3_view", "Csharp3_view\Csharp3_view.csproj", "{957E9A79-DD3C-49BE-96DD-E79D848808DB}"
EndProject
Project("{2150E333-8FDC-42A3-9474-1A3956D46DE8}") = "Csharp4", "Csharp4", "{8CE45675-3877-4F21-B3DB-B7A97471A6B2}"
EndProject
Project("{2150E333-8FDC-42A3-9474-1A3956D46DE8}") = "Csharp4_model", "Csharp4_model", "{E70D1CF2-AA81-4B27-AA78-2D6F6F7C8DBC}"
EndProject
Project("{2150E333-8FDC-42A3-9474-1A3956D46DE8}") = "Csharp4_view", "Csharp4_view", "{73AC4C81-CEA1-4E36-8C1E-84C07EE51853}"
EndProject
Project("{FAE04EC0-301F-11D3-BF4B-00C04F79EFBC}") = "Csharp4_model", "Csharp4_model\Csharp4_model.csproj", "{D7673B83-72F8-4161-B9E7-4BD03235316C}"
EndProject
Project("{FAE04EC0-301F-11D3-BF4B-00C04F79EFBC}") = "Csharp4_view", "Csharp4_view\Csharp4_view.csproj", "{DC749921-CEF3-40F5-B72E-9E72FF283C53}"
EndProject
Global
	GlobalSection(SolutionConfigurationPlatforms) = preSolution
		Debug|Any CPU = Debug|Any CPU
		Release|Any CPU = Release|Any CPU
	EndGlobalSection
	GlobalSection(ProjectConfigurationPlatforms) = postSolution
		{57B146F2-4BB0-4ABC-8005-01B8D266BB45}.Debug|Any CPU.ActiveCfg = Debug|Any CPU
		{57B146F2-4BB0-4ABC-8005-01B8D266BB45}.Debug|Any CPU.Build.0 = Debug|Any CPU
		{57B146F2-4BB0-4ABC-8005-01B8D266BB45}.Release|Any CPU.ActiveCfg = Release|Any CPU
		{57B146F2-4BB0-4ABC-8005-01B8D266BB45}.Release|Any CPU.Build.0 = Release|Any CPU
		{05E23223-DE0E-4AE3-9C96-89E8B5AB4807}.Debug|Any CPU.ActiveCfg = Debug|Any CPU
		{05E23223-DE0E-4AE3-9C96-89E8B5AB4807}.Debug|Any CPU.Build.0 = Debug|Any CPU
		{05E23223-DE0E-4AE3-9C96-89E8B5AB4807}.Release|Any CPU.ActiveCfg = Release|Any CPU
		{05E23223-DE0E-4AE3-9C96-89E8B5AB4807}.Release|Any CPU.Build.0 = Release|Any CPU
		{D3C31594-3E8F-4DE8-ABD0-DF9898E9CF34}.Debug|Any CPU.ActiveCfg = Debug|Any CPU
		{D3C31594-3E8F-4DE8-ABD0-DF9898E9CF34}.Debug|Any CPU.Build.0 = Debug|Any CPU
		{D3C31594-3E8F-4DE8-ABD0-DF9898E9CF34}.Release|Any CPU.ActiveCfg = Release|Any CPU
		{D3C31594-3E8F-4DE8-ABD0-DF9898E9CF34}.Release|Any CPU.Build.0 = Release|Any CPU
		{0D1C321C-EFA2-4D39-92C7-6757FC232DC3}.Debug|Any CPU.ActiveCfg = Debug|Any CPU
		{0D1C321C-EFA2-4D39-92C7-6757FC232DC3}.Debug|Any CPU.Build.0 = Debug|Any CPU
		{0D1C321C-EFA2-4D39-92C7-6757FC232DC3}.Release|Any CPU.ActiveCfg = Release|Any CPU
		{0D1C321C-EFA2-4D39-92C7-6757FC232DC3}.Release|Any CPU.Build.0 = Release|Any CPU
		{53C59B2D-E246-4C6B-95B6-DA8C380E65C7}.Debug|Any CPU.ActiveCfg = Debug|Any CPU
		{53C59B2D-E246-4C6B-95B6-DA8C380E65C7}.Debug|Any CPU.Build.0 = Debug|Any CPU
		{53C59B2D-E246-4C6B-95B6-DA8C380E65C7}.Release|Any CPU.ActiveCfg = Release|Any CPU
		{53C59B2D-E246-4C6B-95B6-DA8C380E65C7}.Release|Any CPU.Build.0 = Release|Any CPU
		{957E9A79-DD3C-49BE-96DD-E79D848808DB}.Debug|Any CPU.ActiveCfg = Debug|Any CPU
		{957E9A79-DD3C-49BE-96DD-E79D848808DB}.Debug|Any CPU.Build.0 = Debug|Any CPU
		{957E9A79-DD3C-49BE-96DD-E79D848808DB}.Release|Any CPU.ActiveCfg = Release|Any CPU
		{957E9A79-DD3C-49BE-96DD-E79D848808DB}.Release|Any CPU.Build.0 = Release|Any CPU
		{D7673B83-72F8-4161-B9E7-4BD03235316C}.Debug|Any CPU.ActiveCfg = Debug|Any CPU
		{D7673B83-72F8-4161-B9E7-4BD03235316C}.Debug|Any CPU.Build.0 = Debug|Any CPU
		{D7673B83-72F8-4161-B9E7-4BD03235316C}.Release|Any CPU.ActiveCfg = Release|Any CPU
		{D7673B83-72F8-4161-B9E7-4BD03235316C}.Release|Any CPU.Build.0 = Release|Any CPU
		{DC749921-CEF3-40F5-B72E-9E72FF283C53}.Debug|Any CPU.ActiveCfg = Debug|Any CPU
		{DC749921-CEF3-40F5-B72E-9E72FF283C53}.Debug|Any CPU.Build.0 = Debug|Any CPU
		{DC749921-CEF3-40F5-B72E-9E72FF283C53}.Release|Any CPU.ActiveCfg = Release|Any CPU
		{DC749921-CEF3-40F5-B72E-9E72FF283C53}.Release|Any CPU.Build.0 = Release|Any CPU
	EndGlobalSection
	GlobalSection(SolutionProperties) = preSolution
		HideSolutionNode = FALSE
	EndGlobalSection
	GlobalSection(NestedProjects) = preSolution
		{367B0493-4D70-4E29-9546-3691A8E68DEC} = {2A99BC39-87A4-40EF-9994-D1260B6D288C}
		{64DE97EF-9F95-44B3-90F8-88C6AD181D80} = {2A99BC39-87A4-40EF-9994-D1260B6D288C}
		{57B146F2-4BB0-4ABC-8005-01B8D266BB45} = {367B0493-4D70-4E29-9546-3691A8E68DEC}
		{30707AA6-27E7-4FAA-9D79-56A6067C4DF2} = {64DE97EF-9F95-44B3-90F8-88C6AD181D80}
		{05E23223-DE0E-4AE3-9C96-89E8B5AB4807} = {30707AA6-27E7-4FAA-9D79-56A6067C4DF2}
		{226C6E76-6B36-4B88-9A8A-9B97677E23B8} = {CC18A20B-D1EF-4934-A61F-B73AF923E0FC}
		{5B960819-EFCB-4A49-8283-EC01EE2C9D9C} = {CC18A20B-D1EF-4934-A61F-B73AF923E0FC}
		{D3C31594-3E8F-4DE8-ABD0-DF9898E9CF34} = {226C6E76-6B36-4B88-9A8A-9B97677E23B8}
		{0D1C321C-EFA2-4D39-92C7-6757FC232DC3} = {5B960819-EFCB-4A49-8283-EC01EE2C9D9C}
		{E73D6181-2802-4CBE-9269-93D3238991B2} = {F10736BD-8198-42DC-B0E8-5D963764D50C}
		{D41DAD56-4ABE-4AD8-9210-B3DD8B38580A} = {F10736BD-8198-42DC-B0E8-5D963764D50C}
		{53C59B2D-E246-4C6B-95B6-DA8C380E65C7} = {E73D6181-2802-4CBE-9269-93D3238991B2}
		{957E9A79-DD3C-49BE-96DD-E79D848808DB} = {D41DAD56-4ABE-4AD8-9210-B3DD8B38580A}
		{E70D1CF2-AA81-4B27-AA78-2D6F6F7C8DBC} = {8CE45675-3877-4F21-B3DB-B7A97471A6B2}
		{73AC4C81-CEA1-4E36-8C1E-84C07EE51853} = {8CE45675-3877-4F21-B3DB-B7A97471A6B2}
		{D7673B83-72F8-4161-B9E7-4BD03235316C} = {E70D1CF2-AA81-4B27-AA78-2D6F6F7C8DBC}
		{DC749921-CEF3-40F5-B72E-9E72FF283C53} = {73AC4C81-CEA1-4E36-8C1E-84C07EE51853}
	EndGlobalSection
	GlobalSection(ExtensibilityGlobals) = postSolution
		SolutionGuid = {127DCC40-B093-49F3-966C-810D42BFD53A}
	EndGlobalSection
EndGlobal
